
Microsoft Visual Studio Solution File, Format Version 12.00
# Visual Studio Version 17
Project("{8BC9CEB8-8B4A-11D0-8D11-00A0C91BC942}") = "ALL_BUILD", "ALL_BUILD.vcxproj", "{1937DE62-4D91-3F3D-8843-D21A3DC3E167}"
	ProjectSection(ProjectDependencies) = postProject
		{410F3E01-10E0-32B9-847F-2939103A1F5A} = {410F3E01-10E0-32B9-847F-2939103A1F5A}
		{EE61FCF1-348D-334B-A183-792098ACCCAD} = {EE61FCF1-348D-334B-A183-792098ACCCAD}
		{0BC778DD-6D25-3493-BC4A-646BAC63AD59} = {0BC778DD-6D25-3493-BC4A-646BAC63AD59}
		{A6B09ACF-F81D-3BA0-ACA3-22694B0FD078} = {A6B09ACF-F81D-3BA0-ACA3-22694B0FD078}
		{31AFD106-744C-3BA2-B0C1-151E2F5FC3B5} = {31AFD106-744C-3BA2-B0C1-151E2F5FC3B5}
		{019071CA-4292-3F0C-B1F2-647E1F0CA43A} = {019071CA-4292-3F0C-B1F2-647E1F0CA43A}
		{E64BEE80-E432-3000-B03D-207BC0355699} = {E64BEE80-E432-3000-B03D-207BC0355699}
		{7A170CE6-1762-3002-A866-0A9570A49103} = {7A170CE6-1762-3002-A866-0A9570A49103}
	EndProjectSection
EndProject
Project("{8BC9CEB8-8B4A-11D0-8D11-00A0C91BC942}") = "ZERO_CHECK", "ZERO_CHECK.vcxproj", "{410F3E01-10E0-32B9-847F-2939103A1F5A}"
	ProjectSection(ProjectDependencies) = postProject
	EndProjectSection
EndProject
Project("{8BC9CEB8-8B4A-11D0-8D11-00A0C91BC942}") = "myjql", "src\myjql.vcxproj", "{EE61FCF1-348D-334B-A183-792098ACCCAD}"
	ProjectSection(ProjectDependencies) = postProject
		{410F3E01-10E0-32B9-847F-2939103A1F5A} = {410F3E01-10E0-32B9-847F-2939103A1F5A}
	EndProjectSection
EndProject
Project("{8BC9CEB8-8B4A-11D0-8D11-00A0C91BC942}") = "myjqlclient", "driver\myjqlclient.vcxproj", "{0BC778DD-6D25-3493-BC4A-646BAC63AD59}"
	ProjectSection(ProjectDependencies) = postProject
		{410F3E01-10E0-32B9-847F-2939103A1F5A} = {410F3E01-10E0-32B9-847F-2939103A1F5A}
	EndProjectSection
EndProject
Project("{8BC9CEB8-8B4A-11D0-8D11-00A0C91BC942}") = "myjqlserver", "main\myjqlserver.vcxproj", "{A6B09ACF-F81D-3BA0-ACA3-22694B0FD078}"
	ProjectSection(ProjectDependencies) = postProject
		{410F3E01-10E0-32B9-847F-2939103A1F5A} = {410F3E01-10E0-32B9-847F-2939103A1F5A}
		{EE61FCF1-348D-334B-A183-792098ACCCAD} = {EE61FCF1-348D-334B-A183-792098ACCCAD}
	EndProjectSection
EndProject
Project("{8BC9CEB8-8B4A-11D0-8D11-00A0C91BC942}") = "myjqlshell", "main\myjqlshell.vcxproj", "{31AFD106-744C-3BA2-B0C1-151E2F5FC3B5}"
	ProjectSection(ProjectDependencies) = postProject
		{410F3E01-10E0-32B9-847F-2939103A1F5A} = {410F3E01-10E0-32B9-847F-2939103A1F5A}
		{0BC778DD-6D25-3493-BC4A-646BAC63AD59} = {0BC778DD-6D25-3493-BC4A-646BAC63AD59}
	EndProjectSection
EndProject
Project("{8BC9CEB8-8B4A-11D0-8D11-00A0C91BC942}") = "test_b_tree", "test\test_b_tree.vcxproj", "{019071CA-4292-3F0C-B1F2-647E1F0CA43A}"
	ProjectSection(ProjectDependencies) = postProject
		{410F3E01-10E0-32B9-847F-2939103A1F5A} = {410F3E01-10E0-32B9-847F-2939103A1F5A}
		{EE61FCF1-348D-334B-A183-792098ACCCAD} = {EE61FCF1-348D-334B-A183-792098ACCCAD}
	EndProjectSection
EndProject
Project("{8BC9CEB8-8B4A-11D0-8D11-00A0C91BC942}") = "test_hash_map", "test\test_hash_map.vcxproj", "{E64BEE80-E432-3000-B03D-207BC0355699}"
	ProjectSection(ProjectDependencies) = postProject
		{410F3E01-10E0-32B9-847F-2939103A1F5A} = {410F3E01-10E0-32B9-847F-2939103A1F5A}
		{EE61FCF1-348D-334B-A183-792098ACCCAD} = {EE61FCF1-348D-334B-A183-792098ACCCAD}
	EndProjectSection
EndProject
Project("{8BC9CEB8-8B4A-11D0-8D11-00A0C91BC942}") = "test_str", "test\test_str.vcxproj", "{7A170CE6-1762-3002-A866-0A9570A49103}"
	ProjectSection(ProjectDependencies) = postProject
		{410F3E01-10E0-32B9-847F-2939103A1F5A} = {410F3E01-10E0-32B9-847F-2939103A1F5A}
		{EE61FCF1-348D-334B-A183-792098ACCCAD} = {EE61FCF1-348D-334B-A183-792098ACCCAD}
	EndProjectSection
EndProject
Global
	GlobalSection(SolutionConfigurationPlatforms) = preSolution
		Debug|x64 = Debug|x64
		Release|x64 = Release|x64
		MinSizeRel|x64 = MinSizeRel|x64
		RelWithDebInfo|x64 = RelWithDebInfo|x64
	EndGlobalSection
	GlobalSection(ProjectConfigurationPlatforms) = postSolution
		{1937DE62-4D91-3F3D-8843-D21A3DC3E167}.Debug|x64.ActiveCfg = Debug|x64
		{1937DE62-4D91-3F3D-8843-D21A3DC3E167}.Release|x64.ActiveCfg = Release|x64
		{1937DE62-4D91-3F3D-8843-D21A3DC3E167}.MinSizeRel|x64.ActiveCfg = MinSizeRel|x64
		{1937DE62-4D91-3F3D-8843-D21A3DC3E167}.RelWithDebInfo|x64.ActiveCfg = RelWithDebInfo|x64
		{410F3E01-10E0-32B9-847F-2939103A1F5A}.Debug|x64.ActiveCfg = Debug|x64
		{410F3E01-10E0-32B9-847F-2939103A1F5A}.Debug|x64.Build.0 = Debug|x64
		{410F3E01-10E0-32B9-847F-2939103A1F5A}.Release|x64.ActiveCfg = Release|x64
		{410F3E01-10E0-32B9-847F-2939103A1F5A}.Release|x64.Build.0 = Release|x64
		{410F3E01-10E0-32B9-847F-2939103A1F5A}.MinSizeRel|x64.ActiveCfg = MinSizeRel|x64
		{410F3E01-10E0-32B9-847F-2939103A1F5A}.MinSizeRel|x64.Build.0 = MinSizeRel|x64
		{410F3E01-10E0-32B9-847F-2939103A1F5A}.RelWithDebInfo|x64.ActiveCfg = RelWithDebInfo|x64
		{410F3E01-10E0-32B9-847F-2939103A1F5A}.RelWithDebInfo|x64.Build.0 = RelWithDebInfo|x64
		{EE61FCF1-348D-334B-A183-792098ACCCAD}.Debug|x64.ActiveCfg = Debug|x64
		{EE61FCF1-348D-334B-A183-792098ACCCAD}.Debug|x64.Build.0 = Debug|x64
		{EE61FCF1-348D-334B-A183-792098ACCCAD}.Release|x64.ActiveCfg = Release|x64
		{EE61FCF1-348D-334B-A183-792098ACCCAD}.Release|x64.Build.0 = Release|x64
		{EE61FCF1-348D-334B-A183-792098ACCCAD}.MinSizeRel|x64.ActiveCfg = MinSizeRel|x64
		{EE61FCF1-348D-334B-A183-792098ACCCAD}.MinSizeRel|x64.Build.0 = MinSizeRel|x64
		{EE61FCF1-348D-334B-A183-792098ACCCAD}.RelWithDebInfo|x64.ActiveCfg = RelWithDebInfo|x64
		{EE61FCF1-348D-334B-A183-792098ACCCAD}.RelWithDebInfo|x64.Build.0 = RelWithDebInfo|x64
		{0BC778DD-6D25-3493-BC4A-646BAC63AD59}.Debug|x64.ActiveCfg = Debug|x64
		{0BC778DD-6D25-3493-BC4A-646BAC63AD59}.Debug|x64.Build.0 = Debug|x64
		{0BC778DD-6D25-3493-BC4A-646BAC63AD59}.Release|x64.ActiveCfg = Release|x64
		{0BC778DD-6D25-3493-BC4A-646BAC63AD59}.Release|x64.Build.0 = Release|x64
		{0BC778DD-6D25-3493-BC4A-646BAC63AD59}.MinSizeRel|x64.ActiveCfg = MinSizeRel|x64
		{0BC778DD-6D25-3493-BC4A-646BAC63AD59}.MinSizeRel|x64.Build.0 = MinSizeRel|x64
		{0BC778DD-6D25-3493-BC4A-646BAC63AD59}.RelWithDebInfo|x64.ActiveCfg = RelWithDebInfo|x64
		{0BC778DD-6D25-3493-BC4A-646BAC63AD59}.RelWithDebInfo|x64.Build.0 = RelWithDebInfo|x64
		{A6B09ACF-F81D-3BA0-ACA3-22694B0FD078}.Debug|x64.ActiveCfg = Debug|x64
		{A6B09ACF-F81D-3BA0-ACA3-22694B0FD078}.Debug|x64.Build.0 = Debug|x64
		{A6B09ACF-F81D-3BA0-ACA3-22694B0FD078}.Release|x64.ActiveCfg = Release|x64
		{A6B09ACF-F81D-3BA0-ACA3-22694B0FD078}.Release|x64.Build.0 = Release|x64
		{A6B09ACF-F81D-3BA0-ACA3-22694B0FD078}.MinSizeRel|x64.ActiveCfg = MinSizeRel|x64
		{A6B09ACF-F81D-3BA0-ACA3-22694B0FD078}.MinSizeRel|x64.Build.0 = MinSizeRel|x64
		{A6B09ACF-F81D-3BA0-ACA3-22694B0FD078}.RelWithDebInfo|x64.ActiveCfg = RelWithDebInfo|x64
		{A6B09ACF-F81D-3BA0-ACA3-22694B0FD078}.RelWithDebInfo|x64.Build.0 = RelWithDebInfo|x64
		{31AFD106-744C-3BA2-B0C1-151E2F5FC3B5}.Debug|x64.ActiveCfg = Debug|x64
		{31AFD106-744C-3BA2-B0C1-151E2F5FC3B5}.Debug|x64.Build.0 = Debug|x64
		{31AFD106-744C-3BA2-B0C1-151E2F5FC3B5}.Release|x64.ActiveCfg = Release|x64
		{31AFD106-744C-3BA2-B0C1-151E2F5FC3B5}.Release|x64.Build.0 = Release|x64
		{31AFD106-744C-3BA2-B0C1-151E2F5FC3B5}.MinSizeRel|x64.ActiveCfg = MinSizeRel|x64
		{31AFD106-744C-3BA2-B0C1-151E2F5FC3B5}.MinSizeRel|x64.Build.0 = MinSizeRel|x64
		{31AFD106-744C-3BA2-B0C1-151E2F5FC3B5}.RelWithDebInfo|x64.ActiveCfg = RelWithDebInfo|x64
		{31AFD106-744C-3BA2-B0C1-151E2F5FC3B5}.RelWithDebInfo|x64.Build.0 = RelWithDebInfo|x64
		{019071CA-4292-3F0C-B1F2-647E1F0CA43A}.Debug|x64.ActiveCfg = Debug|x64
		{019071CA-4292-3F0C-B1F2-647E1F0CA43A}.Debug|x64.Build.0 = Debug|x64
		{019071CA-4292-3F0C-B1F2-647E1F0CA43A}.Release|x64.ActiveCfg = Release|x64
		{019071CA-4292-3F0C-B1F2-647E1F0CA43A}.Release|x64.Build.0 = Release|x64
		{019071CA-4292-3F0C-B1F2-647E1F0CA43A}.MinSizeRel|x64.ActiveCfg = MinSizeRel|x64
		{019071CA-4292-3F0C-B1F2-647E1F0CA43A}.MinSizeRel|x64.Build.0 = MinSizeRel|x64
		{019071CA-4292-3F0C-B1F2-647E1F0CA43A}.RelWithDebInfo|x64.ActiveCfg = RelWithDebInfo|x64
		{019071CA-4292-3F0C-B1F2-647E1F0CA43A}.RelWithDebInfo|x64.Build.0 = RelWithDebInfo|x64
		{E64BEE80-E432-3000-B03D-207BC0355699}.Debug|x64.ActiveCfg = Debug|x64
		{E64BEE80-E432-3000-B03D-207BC0355699}.Debug|x64.Build.0 = Debug|x64
		{E64BEE80-E432-3000-B03D-207BC0355699}.Release|x64.ActiveCfg = Release|x64
		{E64BEE80-E432-3000-B03D-207BC0355699}.Release|x64.Build.0 = Release|x64
		{E64BEE80-E432-3000-B03D-207BC0355699}.MinSizeRel|x64.ActiveCfg = MinSizeRel|x64
		{E64BEE80-E432-3000-B03D-207BC0355699}.MinSizeRel|x64.Build.0 = MinSizeRel|x64
		{E64BEE80-E432-3000-B03D-207BC0355699}.RelWithDebInfo|x64.ActiveCfg = RelWithDebInfo|x64
		{E64BEE80-E432-3000-B03D-207BC0355699}.RelWithDebInfo|x64.Build.0 = RelWithDebInfo|x64
		{7A170CE6-1762-3002-A866-0A9570A49103}.Debug|x64.ActiveCfg = Debug|x64
		{7A170CE6-1762-3002-A866-0A9570A49103}.Debug|x64.Build.0 = Debug|x64
		{7A170CE6-1762-3002-A866-0A9570A49103}.Release|x64.ActiveCfg = Release|x64
		{7A170CE6-1762-3002-A866-0A9570A49103}.Release|x64.Build.0 = Release|x64
		{7A170CE6-1762-3002-A866-0A9570A49103}.MinSizeRel|x64.ActiveCfg = MinSizeRel|x64
		{7A170CE6-1762-3002-A866-0A9570A49103}.MinSizeRel|x64.Build.0 = MinSizeRel|x64
		{7A170CE6-1762-3002-A866-0A9570A49103}.RelWithDebInfo|x64.ActiveCfg = RelWithDebInfo|x64
		{7A170CE6-1762-3002-A866-0A9570A49103}.RelWithDebInfo|x64.Build.0 = RelWithDebInfo|x64
	EndGlobalSection
	GlobalSection(ExtensibilityGlobals) = postSolution
		SolutionGuid = {E3965E71-5232-33DA-8BA9-C5CE430EAB02}
	EndGlobalSection
	GlobalSection(ExtensibilityAddIns) = postSolution
	EndGlobalSection
EndGlobal
