<?xml version="1.0" encoding="utf-8"?>
<Project ToolsVersion="17.0" xmlns="http://schemas.microsoft.com/developer/msbuild/2003">
  <ItemGroup>
    <ClCompile Include="E:\database2\pj2\myjql-template-b-tree2\myjql\test\test_b_tree.c">
      <Filter>Source Files</Filter>
    </ClCompile>
    <ClCompile Include="E:\database2\pj2\myjql-template-b-tree2\myjql\test\test_b_tree_wrapper.cpp">
      <Filter>Source Files</Filter>
    </ClCompile>
  </ItemGroup>
  <ItemGroup>
    <CustomBuild Include="E:\database2\pj2\myjql-template-b-tree2\myjql\test\CMakeLists.txt" />
  </ItemGroup>
  <ItemGroup>
    <Filter Include="Source Files">
      <UniqueIdentifier>{E724FF45-84A7-3B34-8A8E-5F9FC48F9CA6}</UniqueIdentifier>
    </Filter>
  </ItemGroup>
</Project>
